
Microsoft Visual Studio Solution File, Format Version 12.00
# Visual Studio 15
VisualStudioVersion = 15.0.27703.2042
MinimumVisualStudioVersion = 10.0.40219.1
Project("{FAE04EC0-301F-11D3-BF4B-00C04F79EFBC}") = "Calcul", "Calcul\Calcul.csproj", "{EA0A8D80-05D2-4252-B347-5C2BBDAFD3E5}"
EndProject
Global
	GlobalSection(SolutionConfigurationPlatforms) = preSolution
		Debug|Any CPU = Debug|Any CPU
		Release|Any CPU = Release|Any CPU
	EndGlobalSection
	GlobalSection(ProjectConfigurationPlatforms) = postSolution
		{EA0A8D80-05D2-4252-B347-5C2BBDAFD3E5}.Debug|Any CPU.ActiveCfg = Debug|Any CPU
		{EA0A8D80-05D2-4252-B347-5C2BBDAFD3E5}.Debug|Any CPU.Build.0 = Debug|Any CPU
		{EA0A8D80-05D2-4252-B347-5C2BBDAFD3E5}.Release|Any CPU.ActiveCfg = Release|Any CPU
		{EA0A8D80-05D2-4252-B347-5C2BBDAFD3E5}.Release|Any CPU.Build.0 = Release|Any CPU
	EndGlobalSection
	GlobalSection(SolutionProperties) = preSolution
		HideSolutionNode = FALSE
	EndGlobalSection
	GlobalSection(ExtensibilityGlobals) = postSolution
		SolutionGuid = {A70F0629-2007-4BC8-8607-65A05C4C2FB0}
	EndGlobalSection
EndGlobal
